
Microsoft Visual Studio Solution File, Format Version 12.00
# Visual Studio Version 16
VisualStudioVersion = 16.0.31025.194
MinimumVisualStudioVersion = 10.0.40219.1
Project("{FAE04EC0-301F-11D3-BF4B-00C04F79EFBC}") = "CodinoScannerApp.Android", "CodinoScannerApp\CodinoScannerApp.Android\CodinoScannerApp.Android.csproj", "{9661D556-DF5D-466E-900F-8E5A25E0F3A1}"
EndProject
Project("{FAE04EC0-301F-11D3-BF4B-00C04F79EFBC}") = "CodinoScannerApp.iOS", "CodinoScannerApp\CodinoScannerApp.iOS\CodinoScannerApp.iOS.csproj", "{EFE91151-FAC9-401A-89AF-BB3404F68529}"
EndProject
Project("{FAE04EC0-301F-11D3-BF4B-00C04F79EFBC}") = "CodinoScannerApp", "CodinoScannerApp\CodinoScannerApp\CodinoScannerApp.csproj", "{2D74AD33-1415-410C-BC94-B860932EEB06}"
EndProject
Global
	GlobalSection(SolutionConfigurationPlatforms) = preSolution
		Debug|Any CPU = Debug|Any CPU
		Debug|iPhone = Debug|iPhone
		Debug|iPhoneSimulator = Debug|iPhoneSimulator
		Release|Any CPU = Release|Any CPU
		Release|iPhone = Release|iPhone
		Release|iPhoneSimulator = Release|iPhoneSimulator
	EndGlobalSection
	GlobalSection(ProjectConfigurationPlatforms) = postSolution
		{9661D556-DF5D-466E-900F-8E5A25E0F3A1}.Debug|Any CPU.ActiveCfg = Debug|Any CPU
		{9661D556-DF5D-466E-900F-8E5A25E0F3A1}.Debug|Any CPU.Build.0 = Debug|Any CPU
		{9661D556-DF5D-466E-900F-8E5A25E0F3A1}.Debug|Any CPU.Deploy.0 = Debug|Any CPU
		{9661D556-DF5D-466E-900F-8E5A25E0F3A1}.Debug|iPhone.ActiveCfg = Debug|Any CPU
		{9661D556-DF5D-466E-900F-8E5A25E0F3A1}.Debug|iPhone.Build.0 = Debug|Any CPU
		{9661D556-DF5D-466E-900F-8E5A25E0F3A1}.Debug|iPhone.Deploy.0 = Debug|Any CPU
		{9661D556-DF5D-466E-900F-8E5A25E0F3A1}.Debug|iPhoneSimulator.ActiveCfg = Debug|Any CPU
		{9661D556-DF5D-466E-900F-8E5A25E0F3A1}.Debug|iPhoneSimulator.Build.0 = Debug|Any CPU
		{9661D556-DF5D-466E-900F-8E5A25E0F3A1}.Debug|iPhoneSimulator.Deploy.0 = Debug|Any CPU
		{9661D556-DF5D-466E-900F-8E5A25E0F3A1}.Release|Any CPU.ActiveCfg = Release|Any CPU
		{9661D556-DF5D-466E-900F-8E5A25E0F3A1}.Release|Any CPU.Build.0 = Release|Any CPU
		{9661D556-DF5D-466E-900F-8E5A25E0F3A1}.Release|Any CPU.Deploy.0 = Release|Any CPU
		{9661D556-DF5D-466E-900F-8E5A25E0F3A1}.Release|iPhone.ActiveCfg = Release|Any CPU
		{9661D556-DF5D-466E-900F-8E5A25E0F3A1}.Release|iPhone.Build.0 = Release|Any CPU
		{9661D556-DF5D-466E-900F-8E5A25E0F3A1}.Release|iPhone.Deploy.0 = Release|Any CPU
		{9661D556-DF5D-466E-900F-8E5A25E0F3A1}.Release|iPhoneSimulator.ActiveCfg = Release|Any CPU
		{9661D556-DF5D-466E-900F-8E5A25E0F3A1}.Release|iPhoneSimulator.Build.0 = Release|Any CPU
		{9661D556-DF5D-466E-900F-8E5A25E0F3A1}.Release|iPhoneSimulator.Deploy.0 = Release|Any CPU
		{EFE91151-FAC9-401A-89AF-BB3404F68529}.Debug|Any CPU.ActiveCfg = Debug|iPhone
		{EFE91151-FAC9-401A-89AF-BB3404F68529}.Debug|Any CPU.Build.0 = Debug|iPhone
		{EFE91151-FAC9-401A-89AF-BB3404F68529}.Debug|Any CPU.Deploy.0 = Debug|iPhone
		{EFE91151-FAC9-401A-89AF-BB3404F68529}.Debug|iPhone.ActiveCfg = Debug|iPhone
		{EFE91151-FAC9-401A-89AF-BB3404F68529}.Debug|iPhone.Build.0 = Debug|iPhone
		{EFE91151-FAC9-401A-89AF-BB3404F68529}.Debug|iPhone.Deploy.0 = Debug|iPhone
		{EFE91151-FAC9-401A-89AF-BB3404F68529}.Debug|iPhoneSimulator.ActiveCfg = Debug|iPhoneSimulator
		{EFE91151-FAC9-401A-89AF-BB3404F68529}.Debug|iPhoneSimulator.Build.0 = Debug|iPhoneSimulator
		{EFE91151-FAC9-401A-89AF-BB3404F68529}.Debug|iPhoneSimulator.Deploy.0 = Debug|iPhoneSimulator
		{EFE91151-FAC9-401A-89AF-BB3404F68529}.Release|Any CPU.ActiveCfg = Release|iPhoneSimulator
		{EFE91151-FAC9-401A-89AF-BB3404F68529}.Release|Any CPU.Build.0 = Release|iPhoneSimulator
		{EFE91151-FAC9-401A-89AF-BB3404F68529}.Release|Any CPU.Deploy.0 = Release|iPhoneSimulator
		{EFE91151-FAC9-401A-89AF-BB3404F68529}.Release|iPhone.ActiveCfg = Release|iPhone
		{EFE91151-FAC9-401A-89AF-BB3404F68529}.Release|iPhone.Build.0 = Release|iPhone
		{EFE91151-FAC9-401A-89AF-BB3404F68529}.Release|iPhone.Deploy.0 = Release|iPhone
		{EFE91151-FAC9-401A-89AF-BB3404F68529}.Release|iPhoneSimulator.ActiveCfg = Release|iPhoneSimulator
		{EFE91151-FAC9-401A-89AF-BB3404F68529}.Release|iPhoneSimulator.Build.0 = Release|iPhoneSimulator
		{EFE91151-FAC9-401A-89AF-BB3404F68529}.Release|iPhoneSimulator.Deploy.0 = Release|iPhoneSimulator
		{2D74AD33-1415-410C-BC94-B860932EEB06}.Debug|Any CPU.ActiveCfg = Debug|Any CPU
		{2D74AD33-1415-410C-BC94-B860932EEB06}.Debug|Any CPU.Build.0 = Debug|Any CPU
		{2D74AD33-1415-410C-BC94-B860932EEB06}.Debug|Any CPU.Deploy.0 = Debug|Any CPU
		{2D74AD33-1415-410C-BC94-B860932EEB06}.Debug|iPhone.ActiveCfg = Debug|Any CPU
		{2D74AD33-1415-410C-BC94-B860932EEB06}.Debug|iPhone.Build.0 = Debug|Any CPU
		{2D74AD33-1415-410C-BC94-B860932EEB06}.Debug|iPhone.Deploy.0 = Debug|Any CPU
		{2D74AD33-1415-410C-BC94-B860932EEB06}.Debug|iPhoneSimulator.ActiveCfg = Debug|Any CPU
		{2D74AD33-1415-410C-BC94-B860932EEB06}.Debug|iPhoneSimulator.Build.0 = Debug|Any CPU
		{2D74AD33-1415-410C-BC94-B860932EEB06}.Debug|iPhoneSimulator.Deploy.0 = Debug|Any CPU
		{2D74AD33-1415-410C-BC94-B860932EEB06}.Release|Any CPU.ActiveCfg = Release|Any CPU
		{2D74AD33-1415-410C-BC94-B860932EEB06}.Release|Any CPU.Build.0 = Release|Any CPU
		{2D74AD33-1415-410C-BC94-B860932EEB06}.Release|Any CPU.Deploy.0 = Release|Any CPU
		{2D74AD33-1415-410C-BC94-B860932EEB06}.Release|iPhone.ActiveCfg = Release|Any CPU
		{2D74AD33-1415-410C-BC94-B860932EEB06}.Release|iPhone.Build.0 = Release|Any CPU
		{2D74AD33-1415-410C-BC94-B860932EEB06}.Release|iPhone.Deploy.0 = Release|Any CPU
		{2D74AD33-1415-410C-BC94-B860932EEB06}.Release|iPhoneSimulator.ActiveCfg = Release|Any CPU
		{2D74AD33-1415-410C-BC94-B860932EEB06}.Release|iPhoneSimulator.Build.0 = Release|Any CPU
		{2D74AD33-1415-410C-BC94-B860932EEB06}.Release|iPhoneSimulator.Deploy.0 = Release|Any CPU
	EndGlobalSection
	GlobalSection(SolutionProperties) = preSolution
		HideSolutionNode = FALSE
	EndGlobalSection
	GlobalSection(ExtensibilityGlobals) = postSolution
		SolutionGuid = {1783588E-4E82-4296-BC0C-BAB3790CEA35}
	EndGlobalSection
EndGlobal
